
Microsoft Visual Studio Solution File, Format Version 12.00
# Visual Studio 15
VisualStudioVersion = 15.0.28307.960
MinimumVisualStudioVersion = 10.0.40219.1
Project("{FAE04EC0-301F-11D3-BF4B-00C04F79EFBC}") = "PorjectEuler025", "PorjectEuler025\PorjectEuler025.csproj", "{564A23D9-1A4E-4F14-BD55-1B06370CEABC}"
EndProject
Global
	GlobalSection(SolutionConfigurationPlatforms) = preSolution
		Debug|Any CPU = Debug|Any CPU
		Release|Any CPU = Release|Any CPU
	EndGlobalSection
	GlobalSection(ProjectConfigurationPlatforms) = postSolution
		{564A23D9-1A4E-4F14-BD55-1B06370CEABC}.Debug|Any CPU.ActiveCfg = Debug|Any CPU
		{564A23D9-1A4E-4F14-BD55-1B06370CEABC}.Debug|Any CPU.Build.0 = Debug|Any CPU
		{564A23D9-1A4E-4F14-BD55-1B06370CEABC}.Release|Any CPU.ActiveCfg = Release|Any CPU
		{564A23D9-1A4E-4F14-BD55-1B06370CEABC}.Release|Any CPU.Build.0 = Release|Any CPU
	EndGlobalSection
	GlobalSection(SolutionProperties) = preSolution
		HideSolutionNode = FALSE
	EndGlobalSection
	GlobalSection(ExtensibilityGlobals) = postSolution
		SolutionGuid = {BF470D03-9E28-4BA3-B9D4-41E3DBE43B5A}
	EndGlobalSection
EndGlobal
